dependencies:
- name: kserve-resources
  repository: oci://ghcr.io/kserve/charts
  version: v0.19.0
- name: kserve-llmisvc-resources
  repository: oci://ghcr.io/kserve/charts
  version: v0.19.0
digest: sha256:74aaf53b776de09e108541989f162677c8b6bd690ab50d0db3aa954049ffabec
generated: "2026-07-20T11:03:58.605684137+05:30"
