dependencies:
- name: kserve-crd
  repository: oci://ghcr.io/kserve/charts
  version: v0.19.0
- name: kserve-llmisvc-crd
  repository: oci://ghcr.io/kserve/charts
  version: v0.19.0
- name: kserve-runtime-configs
  repository: oci://ghcr.io/kserve/charts
  version: v0.19.0
digest: sha256:9a789b8a5c3792b439b3d2ead887a1113fcc149e247a45fcfced3b10d7748220
generated: "2026-07-20T11:04:06.379426352+05:30"
